// !$*UTF8*$!
{
	archiveVersion = 1;
	classes = {
	};
	objectVersion = 70;
	objects = {

/* Begin PBXBuildFile section */
		A712C17E2CEFA06D00B4282F /* CodeCoverage.framework in Frameworks */ = {isa = PBXBuildFile; fileRef = A712C1752CEFA06C00B4282F /* CodeCoverage.framework */; };
		A71756AA2CF6176500240492 /* libz.tbd in Frameworks */ = {isa = PBXBuildFile; fileRef = A71756A62CF6174D00240492 /* libz.tbd */; };
		A7BF34432E8ADC240031B07D /* CCodeCoverageCollector.framework in Frameworks */ = {isa = PBXBuildFile; fileRef = A7BA276E2E8AC43400EFD54E /* CCodeCoverageCollector.framework */; };
		A7BF348D2E8AF0180031B07D /* CodeCoverageParser.framework in Frameworks */ = {isa = PBXBuildFile; fileRef = A7BF34522E8AE87E0031B07D /* CodeCoverageParser.framework */; };
		A7BF349A2E8AF0DD0031B07D /* CCodeCoverageParser.framework in Frameworks */ = {isa = PBXBuildFile; fileRef = A712C1922CEFA34100B4282F /* CCodeCoverageParser.framework */; };
		A7BF349C2E8C1EBA0031B07D /* CCodeCoverageParserLLVM17.plugin in Embed Plugins */ = {isa = PBXBuildFile; fileRef = A712C1E02CF0A37B00B4282F /* CCodeCoverageParserLLVM17.plugin */; settings = {ATTRIBUTES = (CodeSignOnCopy, RemoveHeadersOnCopy, ); }; };
		A7BF349D2E8C1EBA0031B07D /* CCodeCoverageParserLLVM19.plugin in Embed Plugins */ = {isa = PBXBuildFile; fileRef = A7BF92E32E1D6DE60056D970 /* CCodeCoverageParserLLVM19.plugin */; settings = {ATTRIBUTES = (CodeSignOnCopy, RemoveHeadersOnCopy, ); }; };
		A7BF349E2E8C1EFB0031B07D /* CodeCoverageCollector.framework in Frameworks */ = {isa = PBXBuildFile; fileRef = A7BF341E2E8AD9750031B07D /* CodeCoverageCollector.framework */; };
		A7BF34FA2E8D66A30031B07D /* libz.tbd in Frameworks */ = {isa = PBXBuildFile; fileRef = A71756A62CF6174D00240492 /* libz.tbd */; };
/* End PBXBuildFile section */

/* Begin PBXContainerItemProxy section */
		A712C17F2CEFA06D00B4282F /* PBXContainerItemProxy */ = {
			isa = PBXContainerItemProxy;
			containerPortal = A712C16C2CEFA06C00B4282F /* Project object */;
			proxyType = 1;
			remoteGlobalIDString = A712C1742CEFA06C00B4282F;
			remoteInfo = CodeCoverage;
		};
		A712C1ED2CF0A75800B4282F /* PBXContainerItemProxy */ = {
			isa = PBXContainerItemProxy;
			containerPortal = A712C16C2CEFA06C00B4282F /* Project object */;
			proxyType = 1;
			remoteGlobalIDString = A712C1912CEFA34100B4282F;
			remoteInfo = CCoverageLLVM;
		};
		A7BF343C2E8AD9B20031B07D /* PBXContainerItemProxy */ = {
			isa = PBXContainerItemProxy;
			containerPortal = A712C16C2CEFA06C00B4282F /* Project object */;
			proxyType = 1;
			remoteGlobalIDString = A7BA276D2E8AC43400EFD54E;
			remoteInfo = CCodeCoverageCollector;
		};
		A7BF34872E8AEFCA0031B07D /* PBXContainerItemProxy */ = {
			isa = PBXContainerItemProxy;
			containerPortal = A712C16C2CEFA06C00B4282F /* Project object */;
			proxyType = 1;
			remoteGlobalIDString = A7BF341D2E8AD9750031B07D;
			remoteInfo = CodeCoverageCollector;
		};
		A7BF34892E8AEFCA0031B07D /* PBXContainerItemProxy */ = {
			isa = PBXContainerItemProxy;
			containerPortal = A712C16C2CEFA06C00B4282F /* Project object */;
			proxyType = 1;
			remoteGlobalIDString = A7BF34512E8AE87E0031B07D;
			remoteInfo = CodeCoverageProcessor;
		};
		A7BF34902E8AF0350031B07D /* PBXContainerItemProxy */ = {
			isa = PBXContainerItemProxy;
			containerPortal = A712C16C2CEFA06C00B4282F /* Project object */;
			proxyType = 1;
			remoteGlobalIDString = A712C1912CEFA34100B4282F;
			remoteInfo = CCoverageLLVM;
		};
		A7BF34942E8AF0350031B07D /* PBXContainerItemProxy */ = {
			isa = PBXContainerItemProxy;
			containerPortal = A712C16C2CEFA06C00B4282F /* Project object */;
			proxyType = 1;
			remoteGlobalIDString = A712C1DF2CF0A37B00B4282F;
			remoteInfo = CCoverageLLVM17;
		};
		A7BF34962E8AF0350031B07D /* PBXContainerItemProxy */ = {
			isa = PBXContainerItemProxy;
			containerPortal = A712C16C2CEFA06C00B4282F /* Project object */;
			proxyType = 1;
			remoteGlobalIDString = A7BF92CF2E1D6DE60056D970;
			remoteInfo = CCoverageLLVM19;
		};
		A7BF92D12E1D6DE60056D970 /* PBXContainerItemProxy */ = {
			isa = PBXContainerItemProxy;
			containerPortal = A712C16C2CEFA06C00B4282F /* Project object */;
			proxyType = 1;
			remoteGlobalIDString = A712C1912CEFA34100B4282F;
			remoteInfo = CCoverageLLVM;
		};
/* End PBXContainerItemProxy section */

/* Begin PBXCopyFilesBuildPhase section */
		A7BF349B2E8C1E970031B07D /* Embed Plugins */ = {
			isa = PBXCopyFilesBuildPhase;
			buildActionMask = 2147483647;
			dstPath = "";
			dstSubfolderSpec = 13;
			files = (
				A7BF349C2E8C1EBA0031B07D /* CCodeCoverageParserLLVM17.plugin in Embed Plugins */,
				A7BF349D2E8C1EBA0031B07D /* CCodeCoverageParserLLVM19.plugin in Embed Plugins */,
			);
			name = "Embed Plugins";
			runOnlyForDeploymentPostprocessing = 0;
		};
/* End PBXCopyFilesBuildPhase section */

/* Begin PBXFileReference section */
		A712C1752CEFA06C00B4282F /* CodeCoverage.framework */ = {isa = PBXFileReference; explicitFileType = wrapper.framework; includeInIndex = 0; path = CodeCoverage.framework; sourceTree = BUILT_PRODUCTS_DIR; };
		A712C17D2CEFA06D00B4282F /* CodeCoverageTests.xctest */ = {isa = PBXFileReference; explicitFileType = wrapper.cfbundle; includeInIndex = 0; path = CodeCoverageTests.xctest; sourceTree = BUILT_PRODUCTS_DIR; };
		A712C1922CEFA34100B4282F /* CCodeCoverageParser.framework */ = {isa = PBXFileReference; explicitFileType = wrapper.framework; includeInIndex = 0; path = CCodeCoverageParser.framework; sourceTree = BUILT_PRODUCTS_DIR; };
		A712C1E02CF0A37B00B4282F /* CCodeCoverageParserLLVM17.plugin */ = {isa = PBXFileReference; explicitFileType = wrapper.framework; includeInIndex = 0; path = CCodeCoverageParserLLVM17.plugin; sourceTree = BUILT_PRODUCTS_DIR; };
		A71756922CF1FB8100240492 /* Makefile */ = {isa = PBXFileReference; lastKnownFileType = sourcecode.make; path = Makefile; sourceTree = "<group>"; };
		A71756A62CF6174D00240492 /* libz.tbd */ = {isa = PBXFileReference; lastKnownFileType = "sourcecode.text-based-dylib-definition"; name = libz.tbd; path = usr/lib/libz.tbd; sourceTree = SDKROOT; };
		A7BA276E2E8AC43400EFD54E /* CCodeCoverageCollector.framework */ = {isa = PBXFileReference; explicitFileType = wrapper.framework; includeInIndex = 0; path = CCodeCoverageCollector.framework; sourceTree = BUILT_PRODUCTS_DIR; };
		A7BF341E2E8AD9750031B07D /* CodeCoverageCollector.framework */ = {isa = PBXFileReference; explicitFileType = wrapper.framework; includeInIndex = 0; path = CodeCoverageCollector.framework; sourceTree = BUILT_PRODUCTS_DIR; };
		A7BF34522E8AE87E0031B07D /* CodeCoverageParser.framework */ = {isa = PBXFileReference; explicitFileType = wrapper.framework; includeInIndex = 0; path = CodeCoverageParser.framework; sourceTree = BUILT_PRODUCTS_DIR; };
		A7BF92E32E1D6DE60056D970 /* CCodeCoverageParserLLVM19.plugin */ = {isa = PBXFileReference; explicitFileType = wrapper.framework; includeInIndex = 0; path = CCodeCoverageParserLLVM19.plugin; sourceTree = BUILT_PRODUCTS_DIR; };
		A7D7E64C2D03CDC600B49C35 /* Makefile.llvm */ = {isa = PBXFileReference; lastKnownFileType = text; path = Makefile.llvm; sourceTree = "<group>"; };
		A7D7E64D2D03CDC700B49C35 /* Package.swift */ = {isa = PBXFileReference; lastKnownFileType = sourcecode.swift; path = Package.swift; sourceTree = "<group>"; };
/* End PBXFileReference section */

/* Begin PBXFileSystemSynchronizedBuildFileExceptionSet section */
		A7BF33E92E8AD5CA0031B07D /* PBXFileSystemSynchronizedBuildFileExceptionSet */ = {
			isa = PBXFileSystemSynchronizedBuildFileExceptionSet;
			membershipExceptions = (
				CCodeCoverageParser/include/CCodeCoverageParser.h,
				CCodeCoverageParser/stub.c,
			);
			publicHeaders = (
				CCodeCoverageParser/include/CCodeCoverageParser.h,
			);
			target = A712C1912CEFA34100B4282F /* CCodeCoverageParser */;
		};
		A7BF33EB2E8AD5CA0031B07D /* PBXFileSystemSynchronizedBuildFileExceptionSet */ = {
			isa = PBXFileSystemSynchronizedBuildFileExceptionSet;
			membershipExceptions = (
				CCodeCoverageParserLLVM17/BinaryCoverageReaderRef.cpp,
				CCodeCoverageParserLLVM17/BinaryCoverageReaderRef.hpp,
				CCodeCoverageParserLLVM17/CodeCoverage.cpp,
				CCodeCoverageParserLLVM17/CodeCoverage.hpp,
				CCodeCoverageParserLLVM17/Coverage.cpp,
			);
			target = A712C1DF2CF0A37B00B4282F /* CCodeCoverageParserLLVM17 */;
		};
		A7BF33EC2E8AD5CA0031B07D /* PBXFileSystemSynchronizedBuildFileExceptionSet */ = {
			isa = PBXFileSystemSynchronizedBuildFileExceptionSet;
			membershipExceptions = (
				CCodeCoverageParserLLVM19/BinaryCoverageReaderRef.cpp,
				CCodeCoverageParserLLVM19/BinaryCoverageReaderRef.hpp,
				CCodeCoverageParserLLVM19/CodeCoverage.cpp,
				CCodeCoverageParserLLVM19/CodeCoverage.hpp,
				CCodeCoverageParserLLVM19/Coverage.cpp,
			);
			target = A7BF92CF2E1D6DE60056D970 /* CCodeCoverageParserLLVM19 */;
		};
		A7BF33ED2E8AD5CA0031B07D /* PBXFileSystemSynchronizedBuildFileExceptionSet */ = {
			isa = PBXFileSystemSynchronizedBuildFileExceptionSet;
			membershipExceptions = (
				CodeCoverage/Processor.swift,
			);
			target = A712C1742CEFA06C00B4282F /* CodeCoverage */;
		};
		A7BF34052E8AD6A70031B07D /* PBXFileSystemSynchronizedBuildFileExceptionSet */ = {
			isa = PBXFileSystemSynchronizedBuildFileExceptionSet;
			membershipExceptions = (
				CCodeCoverageCollector/include/CCodeCoverageCollector.h,
				CCodeCoverageCollector/llvm17.c,
				CCodeCoverageCollector/llvm19.c,
				CCodeCoverageCollector/symbols.c,
			);
			publicHeaders = (
				CCodeCoverageCollector/include/CCodeCoverageCollector.h,
			);
			target = A7BA276D2E8AC43400EFD54E /* CCodeCoverageCollector */;
		};
		A7BF347C2E8AEF0B0031B07D /* PBXFileSystemSynchronizedBuildFileExceptionSet */ = {
			isa = PBXFileSystemSynchronizedBuildFileExceptionSet;
			membershipExceptions = (
				CodeCoverageCollector/Collector.swift,
				CodeCoverageCollector/Constants.swift,
				CodeCoverageCollector/CoveredBinary.swift,
				CodeCoverageCollector/XcodeVersion.swift,
			);
			target = A7BF341D2E8AD9750031B07D /* CodeCoverageCollector */;
		};
		A7BF34862E8AEF180031B07D /* PBXFileSystemSynchronizedBuildFileExceptionSet */ = {
			isa = PBXFileSystemSynchronizedBuildFileExceptionSet;
			membershipExceptions = (
				CodeCoverageParser/Info.swift,
				CodeCoverageParser/Library.swift,
				CodeCoverageParser/Parser.swift,
				CodeCoverageParser/Utils.swift,
			);
			target = A7BF34512E8AE87E0031B07D /* CodeCoverageParser */;
		};
		A7BF34A32E8C1F840031B07D /* PBXFileSystemSynchronizedBuildFileExceptionSet */ = {
			isa = PBXFileSystemSynchronizedBuildFileExceptionSet;
			membershipExceptions = (
				CodeCoverageTests/CodeCoverageTests.swift,
			);
			target = A712C17C2CEFA06D00B4282F /* CodeCoverageTests */;
		};
		A7BF34F32E8D5A560031B07D /* PBXFileSystemSynchronizedBuildFileExceptionSet */ = {
			isa = PBXFileSystemSynchronizedBuildFileExceptionSet;
			membershipExceptions = (
				LLVM17.xcframework,
			);
			target = A712C1DF2CF0A37B00B4282F /* CCodeCoverageParserLLVM17 */;
		};
		A7BF34F92E8D66950031B07D /* PBXFileSystemSynchronizedBuildFileExceptionSet */ = {
			isa = PBXFileSystemSynchronizedBuildFileExceptionSet;
			membershipExceptions = (
				LLVM19.xcframework,
			);
			target = A7BF92CF2E1D6DE60056D970 /* CCodeCoverageParserLLVM19 */;
		};
/* End PBXFileSystemSynchronizedBuildFileExceptionSet section */

/* Begin PBXFileSystemSynchronizedRootGroup section */
		A7BF33C22E8AD5C90031B07D /* Sources */ = {isa = PBXFileSystemSynchronizedRootGroup; exceptions = (A7BF34052E8AD6A70031B07D /* PBXFileSystemSynchronizedBuildFileExceptionSet */, A7BF33E92E8AD5CA0031B07D /* PBXFileSystemSynchronizedBuildFileExceptionSet */, A7BF33EB2E8AD5CA0031B07D /* PBXFileSystemSynchronizedBuildFileExceptionSet */, A7BF33EC2E8AD5CA0031B07D /* PBXFileSystemSynchronizedBuildFileExceptionSet */, A7BF347C2E8AEF0B0031B07D /* PBXFileSystemSynchronizedBuildFileExceptionSet */, A7BF34862E8AEF180031B07D /* PBXFileSystemSynchronizedBuildFileExceptionSet */, A7BF33ED2E8AD5CA0031B07D /* PBXFileSystemSynchronizedBuildFileExceptionSet */, ); explicitFileTypes = {}; explicitFolders = (); path = Sources; sourceTree = "<group>"; };
		A7BF340C2E8AD76A0031B07D /* Tests */ = {isa = PBXFileSystemSynchronizedRootGroup; exceptions = (A7BF34A32E8C1F840031B07D /* PBXFileSystemSynchronizedBuildFileExceptionSet */, ); explicitFileTypes = {}; explicitFolders = (); path = Tests; sourceTree = "<group>"; };
		A7BF34122E8AD7720031B07D /* xcframeworks */ = {isa = PBXFileSystemSynchronizedRootGroup; exceptions = (A7BF34F32E8D5A560031B07D /* PBXFileSystemSynchronizedBuildFileExceptionSet */, A7BF34F92E8D66950031B07D /* PBXFileSystemSynchronizedBuildFileExceptionSet */, ); explicitFileTypes = {}; explicitFolders = (); name = xcframeworks; path = llvm/xcframeworks; sourceTree = "<group>"; };
/* End PBXFileSystemSynchronizedRootGroup section */

/* Begin PBXFrameworksBuildPhase section */
		A712C1722CEFA06C00B4282F /* Frameworks */ = {
			isa = PBXFrameworksBuildPhase;
			buildActionMask = 2147483647;
			files = (
				A7BF348D2E8AF0180031B07D /* CodeCoverageParser.framework in Frameworks */,
				A7BF349E2E8C1EFB0031B07D /* CodeCoverageCollector.framework in Frameworks */,
			);
			runOnlyForDeploymentPostprocessing = 0;
		};
		A712C17A2CEFA06D00B4282F /* Frameworks */ = {
			isa = PBXFrameworksBuildPhase;
			buildActionMask = 2147483647;
			files = (
				A712C17E2CEFA06D00B4282F /* CodeCoverage.framework in Frameworks */,
			);
			runOnlyForDeploymentPostprocessing = 0;
		};
		A712C18F2CEFA34100B4282F /* Frameworks */ = {
			isa = PBXFrameworksBuildPhase;
			buildActionMask = 2147483647;
			files = (
			);
			runOnlyForDeploymentPostprocessing = 0;
		};
		A712C1DD2CF0A37B00B4282F /* Frameworks */ = {
			isa = PBXFrameworksBuildPhase;
			buildActionMask = 2147483647;
			files = (
				A71756AA2CF6176500240492 /* libz.tbd in Frameworks */,
			);
			runOnlyForDeploymentPostprocessing = 0;
		};
		A7BA276B2E8AC43400EFD54E /* Frameworks */ = {
			isa = PBXFrameworksBuildPhase;
			buildActionMask = 2147483647;
			files = (
			);
			runOnlyForDeploymentPostprocessing = 0;
		};
		A7BF341B2E8AD9750031B07D /* Frameworks */ = {
			isa = PBXFrameworksBuildPhase;
			buildActionMask = 2147483647;
			files = (
				A7BF34432E8ADC240031B07D /* CCodeCoverageCollector.framework in Frameworks */,
			);
			runOnlyForDeploymentPostprocessing = 0;
		};
		A7BF344F2E8AE87E0031B07D /* Frameworks */ = {
			isa = PBXFrameworksBuildPhase;
			buildActionMask = 2147483647;
			files = (
				A7BF349A2E8AF0DD0031B07D /* CCodeCoverageParser.framework in Frameworks */,
			);
			runOnlyForDeploymentPostprocessing = 0;
		};
		A7BF92DC2E1D6DE60056D970 /* Frameworks */ = {
			isa = PBXFrameworksBuildPhase;
			buildActionMask = 2147483647;
			files = (
				A7BF34FA2E8D66A30031B07D /* libz.tbd in Frameworks */,
			);
			runOnlyForDeploymentPostprocessing = 0;
		};
/* End PBXFrameworksBuildPhase section */

/* Begin PBXGroup section */
		A712C16B2CEFA06C00B4282F = {
			isa = PBXGroup;
			children = (
				A71756922CF1FB8100240492 /* Makefile */,
				A7D7E64C2D03CDC600B49C35 /* Makefile.llvm */,
				A7D7E64D2D03CDC700B49C35 /* Package.swift */,
				A7BF33C22E8AD5C90031B07D /* Sources */,
				A7BF340C2E8AD76A0031B07D /* Tests */,
				A7BF34122E8AD7720031B07D /* xcframeworks */,
				A712C1762CEFA06C00B4282F /* Products */,
				A712C1AD2CEFA6CB00B4282F /* Frameworks */,
			);
			sourceTree = "<group>";
		};
		A712C1762CEFA06C00B4282F /* Products */ = {
			isa = PBXGroup;
			children = (
				A712C1752CEFA06C00B4282F /* CodeCoverage.framework */,
				A712C17D2CEFA06D00B4282F /* CodeCoverageTests.xctest */,
				A712C1922CEFA34100B4282F /* CCodeCoverageParser.framework */,
				A712C1E02CF0A37B00B4282F /* CCodeCoverageParserLLVM17.plugin */,
				A7BF92E32E1D6DE60056D970 /* CCodeCoverageParserLLVM19.plugin */,
				A7BA276E2E8AC43400EFD54E /* CCodeCoverageCollector.framework */,
				A7BF341E2E8AD9750031B07D /* CodeCoverageCollector.framework */,
				A7BF34522E8AE87E0031B07D /* CodeCoverageParser.framework */,
			);
			name = Products;
			sourceTree = "<group>";
		};
		A712C1AD2CEFA6CB00B4282F /* Frameworks */ = {
			isa = PBXGroup;
			children = (
				A71756A62CF6174D00240492 /* libz.tbd */,
			);
			name = Frameworks;
			sourceTree = "<group>";
		};
/* End PBXGroup section */

/* Begin PBXHeadersBuildPhase section */
		A712C1702CEFA06C00B4282F /* Headers */ = {
			isa = PBXHeadersBuildPhase;
			buildActionMask = 2147483647;
			files = (
			);
			runOnlyForDeploymentPostprocessing = 0;
		};
		A712C18D2CEFA34100B4282F /* Headers */ = {
			isa = PBXHeadersBuildPhase;
			buildActionMask = 2147483647;
			files = (
			);
			runOnlyForDeploymentPostprocessing = 0;
		};
		A712C1DB2CF0A37B00B4282F /* Headers */ = {
			isa = PBXHeadersBuildPhase;
			buildActionMask = 2147483647;
			files = (
			);
			runOnlyForDeploymentPostprocessing = 0;
		};
		A7BA27692E8AC43400EFD54E /* Headers */ = {
			isa = PBXHeadersBuildPhase;
			buildActionMask = 2147483647;
			files = (
			);
			runOnlyForDeploymentPostprocessing = 0;
		};
		A7BF34192E8AD9750031B07D /* Headers */ = {
			isa = PBXHeadersBuildPhase;
			buildActionMask = 2147483647;
			files = (
			);
			runOnlyForDeploymentPostprocessing = 0;
		};
		A7BF344D2E8AE87E0031B07D /* Headers */ = {
			isa = PBXHeadersBuildPhase;
			buildActionMask = 2147483647;
			files = (
			);
			runOnlyForDeploymentPostprocessing = 0;
		};
		A7BF92D22E1D6DE60056D970 /* Headers */ = {
			isa = PBXHeadersBuildPhase;
			buildActionMask = 2147483647;
			files = (
			);
			runOnlyForDeploymentPostprocessing = 0;
		};
/* End PBXHeadersBuildPhase section */

/* Begin PBXNativeTarget section */
		A712C1742CEFA06C00B4282F /* CodeCoverage */ = {
			isa = PBXNativeTarget;
			buildConfigurationList = A712C1872CEFA06D00B4282F /* Build configuration list for PBXNativeTarget "CodeCoverage" */;
			buildPhases = (
				A712C1702CEFA06C00B4282F /* Headers */,
				A712C1712CEFA06C00B4282F /* Sources */,
				A712C1722CEFA06C00B4282F /* Frameworks */,
				A712C1732CEFA06C00B4282F /* Resources */,
			);
			buildRules = (
			);
			dependencies = (
				A7BF34882E8AEFCA0031B07D /* PBXTargetDependency */,
				A7BF348A2E8AEFCA0031B07D /* PBXTargetDependency */,
			);
			name = CodeCoverage;
			productName = CodeCoverage;
			productReference = A712C1752CEFA06C00B4282F /* CodeCoverage.framework */;
			productType = "com.apple.product-type.framework";
		};
		A712C17C2CEFA06D00B4282F /* CodeCoverageTests */ = {
			isa = PBXNativeTarget;
			buildConfigurationList = A712C18A2CEFA06D00B4282F /* Build configuration list for PBXNativeTarget "CodeCoverageTests" */;
			buildPhases = (
				A712C1792CEFA06D00B4282F /* Sources */,
				A712C17A2CEFA06D00B4282F /* Frameworks */,
				A712C17B2CEFA06D00B4282F /* Resources */,
			);
			buildRules = (
			);
			dependencies = (
				A712C1802CEFA06D00B4282F /* PBXTargetDependency */,
			);
			name = CodeCoverageTests;
			productName = CodeCoverageTests;
			productReference = A712C17D2CEFA06D00B4282F /* CodeCoverageTests.xctest */;
			productType = "com.apple.product-type.bundle.unit-test";
		};
		A712C1912CEFA34100B4282F /* CCodeCoverageParser */ = {
			isa = PBXNativeTarget;
			buildConfigurationList = A712C1A12CEFA34100B4282F /* Build configuration list for PBXNativeTarget "CCodeCoverageParser" */;
			buildPhases = (
				A712C18D2CEFA34100B4282F /* Headers */,
				A712C18E2CEFA34100B4282F /* Sources */,
				A712C18F2CEFA34100B4282F /* Frameworks */,
				A712C1902CEFA34100B4282F /* Resources */,
			);
			buildRules = (
			);
			dependencies = (
			);
			name = CCodeCoverageParser;
			productName = CCoverageLLVM;
			productReference = A712C1922CEFA34100B4282F /* CCodeCoverageParser.framework */;
			productType = "com.apple.product-type.framework";
		};
		A712C1DF2CF0A37B00B4282F /* CCodeCoverageParserLLVM17 */ = {
			isa = PBXNativeTarget;
			buildConfigurationList = A712C1E42CF0A37C00B4282F /* Build configuration list for PBXNativeTarget "CCodeCoverageParserLLVM17" */;
			buildPhases = (
				A712C1DB2CF0A37B00B4282F /* Headers */,
				A712C1DC2CF0A37B00B4282F /* Sources */,
				A712C1DD2CF0A37B00B4282F /* Frameworks */,
				A712C1DE2CF0A37B00B4282F /* Resources */,
			);
			buildRules = (
			);
			dependencies = (
				A712C1EE2CF0A75800B4282F /* PBXTargetDependency */,
			);
			name = CCodeCoverageParserLLVM17;
			productName = CoverageLLVM17;
			productReference = A712C1E02CF0A37B00B4282F /* CCodeCoverageParserLLVM17.plugin */;
			productType = "com.apple.product-type.framework";
		};
		A7BA276D2E8AC43400EFD54E /* CCodeCoverageCollector */ = {
			isa = PBXNativeTarget;
			buildConfigurationList = A7BA27742E8AC43400EFD54E /* Build configuration list for PBXNativeTarget "CCodeCoverageCollector" */;
			buildPhases = (
				A7BA27692E8AC43400EFD54E /* Headers */,
				A7BA276A2E8AC43400EFD54E /* Sources */,
				A7BA276B2E8AC43400EFD54E /* Frameworks */,
				A7BA276C2E8AC43400EFD54E /* Resources */,
			);
			buildRules = (
			);
			dependencies = (
			);
			name = CCodeCoverageCollector;
			packageProductDependencies = (
			);
			productName = CCodeCoverage;
			productReference = A7BA276E2E8AC43400EFD54E /* CCodeCoverageCollector.framework */;
			productType = "com.apple.product-type.framework";
		};
		A7BF341D2E8AD9750031B07D /* CodeCoverageCollector */ = {
			isa = PBXNativeTarget;
			buildConfigurationList = A7BF342E2E8AD9750031B07D /* Build configuration list for PBXNativeTarget "CodeCoverageCollector" */;
			buildPhases = (
				A7BF34192E8AD9750031B07D /* Headers */,
				A7BF341A2E8AD9750031B07D /* Sources */,
				A7BF341B2E8AD9750031B07D /* Frameworks */,
				A7BF341C2E8AD9750031B07D /* Resources */,
			);
			buildRules = (
			);
			dependencies = (
				A7BF343D2E8AD9B20031B07D /* PBXTargetDependency */,
			);
			name = CodeCoverageCollector;
			packageProductDependencies = (
			);
			productName = CodeCoverageCollector;
			productReference = A7BF341E2E8AD9750031B07D /* CodeCoverageCollector.framework */;
			productType = "com.apple.product-type.framework";
		};
		A7BF34512E8AE87E0031B07D /* CodeCoverageParser */ = {
			isa = PBXNativeTarget;
			buildConfigurationList = A7BF34572E8AE87E0031B07D /* Build configuration list for PBXNativeTarget "CodeCoverageParser" */;
			buildPhases = (
				A7BF344D2E8AE87E0031B07D /* Headers */,
				A7BF344E2E8AE87E0031B07D /* Sources */,
				A7BF344F2E8AE87E0031B07D /* Frameworks */,
				A7BF34502E8AE87E0031B07D /* Resources */,
				A7BF349B2E8C1E970031B07D /* Embed Plugins */,
			);
			buildRules = (
			);
			dependencies = (
				A7BF34912E8AF0350031B07D /* PBXTargetDependency */,
				A7BF34952E8AF0350031B07D /* PBXTargetDependency */,
				A7BF34972E8AF0350031B07D /* PBXTargetDependency */,
			);
			name = CodeCoverageParser;
			packageProductDependencies = (
			);
			productName = CodeCoverageProcessor;
			productReference = A7BF34522E8AE87E0031B07D /* CodeCoverageParser.framework */;
			productType = "com.apple.product-type.framework";
		};
		A7BF92CF2E1D6DE60056D970 /* CCodeCoverageParserLLVM19 */ = {
			isa = PBXNativeTarget;
			buildConfigurationList = A7BF92E02E1D6DE60056D970 /* Build configuration list for PBXNativeTarget "CCodeCoverageParserLLVM19" */;
			buildPhases = (
				A7BF92D22E1D6DE60056D970 /* Headers */,
				A7BF92D72E1D6DE60056D970 /* Sources */,
				A7BF92DC2E1D6DE60056D970 /* Frameworks */,
				A7BF92DF2E1D6DE60056D970 /* Resources */,
			);
			buildRules = (
			);
			dependencies = (
				A7BF92D02E1D6DE60056D970 /* PBXTargetDependency */,
			);
			name = CCodeCoverageParserLLVM19;
			productName = CoverageLLVM17;
			productReference = A7BF92E32E1D6DE60056D970 /* CCodeCoverageParserLLVM19.plugin */;
			productType = "com.apple.product-type.framework";
		};
/* End PBXNativeTarget section */

/* Begin PBXProject section */
		A712C16C2CEFA06C00B4282F /* Project object */ = {
			isa = PBXProject;
			attributes = {
				BuildIndependentTargetsInParallel = 1;
				LastSwiftUpdateCheck = 1620;
				LastUpgradeCheck = 1640;
				TargetAttributes = {
					A712C1742CEFA06C00B4282F = {
						CreatedOnToolsVersion = 14.3.1;
						LastSwiftMigration = 1430;
					};
					A712C17C2CEFA06D00B4282F = {
						CreatedOnToolsVersion = 14.3.1;
					};
					A712C1912CEFA34100B4282F = {
						CreatedOnToolsVersion = 14.3.1;
					};
					A712C1DF2CF0A37B00B4282F = {
						CreatedOnToolsVersion = 14.3.1;
					};
					A7BA276D2E8AC43400EFD54E = {
						CreatedOnToolsVersion = 26.0.1;
					};
					A7BF341D2E8AD9750031B07D = {
						CreatedOnToolsVersion = 16.2;
					};
					A7BF34512E8AE87E0031B07D = {
						CreatedOnToolsVersion = 16.2;
					};
				};
			};
			buildConfigurationList = A712C16F2CEFA06C00B4282F /* Build configuration list for PBXProject "CodeCoverage" */;
			compatibilityVersion = "Xcode 14.0";
			developmentRegion = en;
			hasScannedForEncodings = 0;
			knownRegions = (
				en,
			);
			mainGroup = A712C16B2CEFA06C00B4282F;
			productRefGroup = A712C1762CEFA06C00B4282F /* Products */;
			projectDirPath = "";
			projectRoot = "";
			targets = (
				A7BA276D2E8AC43400EFD54E /* CCodeCoverageCollector */,
				A712C1912CEFA34100B4282F /* CCodeCoverageParser */,
				A712C1DF2CF0A37B00B4282F /* CCodeCoverageParserLLVM17 */,
				A7BF92CF2E1D6DE60056D970 /* CCodeCoverageParserLLVM19 */,
				A7BF341D2E8AD9750031B07D /* CodeCoverageCollector */,
				A7BF34512E8AE87E0031B07D /* CodeCoverageParser */,
				A712C1742CEFA06C00B4282F /* CodeCoverage */,
				A712C17C2CEFA06D00B4282F /* CodeCoverageTests */,
			);
		};
/* End PBXProject section */

/* Begin PBXResourcesBuildPhase section */
		A712C1732CEFA06C00B4282F /* Resources */ = {
			isa = PBXResourcesBuildPhase;
			buildActionMask = 2147483647;
			files = (
			);
			runOnlyForDeploymentPostprocessing = 0;
		};
		A712C17B2CEFA06D00B4282F /* Resources */ = {
			isa = PBXResourcesBuildPhase;
			buildActionMask = 2147483647;
			files = (
			);
			runOnlyForDeploymentPostprocessing = 0;
		};
		A712C1902CEFA34100B4282F /* Resources */ = {
			isa = PBXResourcesBuildPhase;
			buildActionMask = 2147483647;
			files = (
			);
			runOnlyForDeploymentPostprocessing = 0;
		};
		A712C1DE2CF0A37B00B4282F /* Resources */ = {
			isa = PBXResourcesBuildPhase;
			buildActionMask = 2147483647;
			files = (
			);
			runOnlyForDeploymentPostprocessing = 0;
		};
		A7BA276C2E8AC43400EFD54E /* Resources */ = {
			isa = PBXResourcesBuildPhase;
			buildActionMask = 2147483647;
			files = (
			);
			runOnlyForDeploymentPostprocessing = 0;
		};
		A7BF341C2E8AD9750031B07D /* Resources */ = {
			isa = PBXResourcesBuildPhase;
			buildActionMask = 2147483647;
			files = (
			);
			runOnlyForDeploymentPostprocessing = 0;
		};
		A7BF34502E8AE87E0031B07D /* Resources */ = {
			isa = PBXResourcesBuildPhase;
			buildActionMask = 2147483647;
			files = (
			);
			runOnlyForDeploymentPostprocessing = 0;
		};
		A7BF92DF2E1D6DE60056D970 /* Resources */ = {
			isa = PBXResourcesBuildPhase;
			buildActionMask = 2147483647;
			files = (
			);
			runOnlyForDeploymentPostprocessing = 0;
		};
/* End PBXResourcesBuildPhase section */

/* Begin PBXSourcesBuildPhase section */
		A712C1712CEFA06C00B4282F /* Sources */ = {
			isa = PBXSourcesBuildPhase;
			buildActionMask = 2147483647;
			files = (
			);
			runOnlyForDeploymentPostprocessing = 0;
		};
		A712C1792CEFA06D00B4282F /* Sources */ = {
			isa = PBXSourcesBuildPhase;
			buildActionMask = 2147483647;
			files = (
			);
			runOnlyForDeploymentPostprocessing = 0;
		};
		A712C18E2CEFA34100B4282F /* Sources */ = {
			isa = PBXSourcesBuildPhase;
			buildActionMask = 2147483647;
			files = (
			);
			runOnlyForDeploymentPostprocessing = 0;
		};
		A712C1DC2CF0A37B00B4282F /* Sources */ = {
			isa = PBXSourcesBuildPhase;
			buildActionMask = 2147483647;
			files = (
			);
			runOnlyForDeploymentPostprocessing = 0;
		};
		A7BA276A2E8AC43400EFD54E /* Sources */ = {
			isa = PBXSourcesBuildPhase;
			buildActionMask = 2147483647;
			files = (
			);
			runOnlyForDeploymentPostprocessing = 0;
		};
		A7BF341A2E8AD9750031B07D /* Sources */ = {
			isa = PBXSourcesBuildPhase;
			buildActionMask = 2147483647;
			files = (
			);
			runOnlyForDeploymentPostprocessing = 0;
		};
		A7BF344E2E8AE87E0031B07D /* Sources */ = {
			isa = PBXSourcesBuildPhase;
			buildActionMask = 2147483647;
			files = (
			);
			runOnlyForDeploymentPostprocessing = 0;
		};
		A7BF92D72E1D6DE60056D970 /* Sources */ = {
			isa = PBXSourcesBuildPhase;
			buildActionMask = 2147483647;
			files = (
			);
			runOnlyForDeploymentPostprocessing = 0;
		};
/* End PBXSourcesBuildPhase section */

/* Begin PBXTargetDependency section */
		A712C1802CEFA06D00B4282F /* PBXTargetDependency */ = {
			isa = PBXTargetDependency;
			target = A712C1742CEFA06C00B4282F /* CodeCoverage */;
			targetProxy = A712C17F2CEFA06D00B4282F /* PBXContainerItemProxy */;
		};
		A712C1EE2CF0A75800B4282F /* PBXTargetDependency */ = {
			isa = PBXTargetDependency;
			target = A712C1912CEFA34100B4282F /* CCodeCoverageParser */;
			targetProxy = A712C1ED2CF0A75800B4282F /* PBXContainerItemProxy */;
		};
		A7BF343D2E8AD9B20031B07D /* PBXTargetDependency */ = {
			isa = PBXTargetDependency;
			target = A7BA276D2E8AC43400EFD54E /* CCodeCoverageCollector */;
			targetProxy = A7BF343C2E8AD9B20031B07D /* PBXContainerItemProxy */;
		};
		A7BF34882E8AEFCA0031B07D /* PBXTargetDependency */ = {
			isa = PBXTargetDependency;
			target = A7BF341D2E8AD9750031B07D /* CodeCoverageCollector */;
			targetProxy = A7BF34872E8AEFCA0031B07D /* PBXContainerItemProxy */;
		};
		A7BF348A2E8AEFCA0031B07D /* PBXTargetDependency */ = {
			isa = PBXTargetDependency;
			target = A7BF34512E8AE87E0031B07D /* CodeCoverageParser */;
			targetProxy = A7BF34892E8AEFCA0031B07D /* PBXContainerItemProxy */;
		};
		A7BF34912E8AF0350031B07D /* PBXTargetDependency */ = {
			isa = PBXTargetDependency;
			target = A712C1912CEFA34100B4282F /* CCodeCoverageParser */;
			targetProxy = A7BF34902E8AF0350031B07D /* PBXContainerItemProxy */;
		};
		A7BF34952E8AF0350031B07D /* PBXTargetDependency */ = {
			isa = PBXTargetDependency;
			target = A712C1DF2CF0A37B00B4282F /* CCodeCoverageParserLLVM17 */;
			targetProxy = A7BF34942E8AF0350031B07D /* PBXContainerItemProxy */;
		};
		A7BF34972E8AF0350031B07D /* PBXTargetDependency */ = {
			isa = PBXTargetDependency;
			target = A7BF92CF2E1D6DE60056D970 /* CCodeCoverageParserLLVM19 */;
			targetProxy = A7BF34962E8AF0350031B07D /* PBXContainerItemProxy */;
		};
		A7BF92D02E1D6DE60056D970 /* PBXTargetDependency */ = {
			isa = PBXTargetDependency;
			target = A712C1912CEFA34100B4282F /* CCodeCoverageParser */;
			targetProxy = A7BF92D12E1D6DE60056D970 /* PBXContainerItemProxy */;
		};
/* End PBXTargetDependency section */

/* Begin XCBuildConfiguration section */
		A712C1852CEFA06D00B4282F /* Debug */ = {
			isa = XCBuildConfiguration;
			buildSettings = {
				ALWAYS_SEARCH_USER_PATHS = NO;
				CLANG_ANALYZER_NONNULL = YES;
				CLANG_ANALYZER_NUMBER_OBJECT_CONVERSION = YES_AGGRESSIVE;
				CLANG_CXX_LANGUAGE_STANDARD = "gnu++20";
				CLANG_ENABLE_MODULES = YES;
				CLANG_ENABLE_OBJC_ARC = YES;
				CLANG_ENABLE_OBJC_WEAK = YES;
				CLANG_WARN_BLOCK_CAPTURE_AUTORELEASING = YES;
				CLANG_WARN_BOOL_CONVERSION = YES;
				CLANG_WARN_COMMA = YES;
				CLANG_WARN_CONSTANT_CONVERSION = YES;
				CLANG_WARN_DEPRECATED_OBJC_IMPLEMENTATIONS = YES;
				CLANG_WARN_DIRECT_OBJC_ISA_USAGE = YES_ERROR;
				CLANG_WARN_DOCUMENTATION_COMMENTS = YES;
				CLANG_WARN_EMPTY_BODY = YES;
				CLANG_WARN_ENUM_CONVERSION = YES;
				CLANG_WARN_INFINITE_RECURSION = YES;
				CLANG_WARN_INT_CONVERSION = YES;
				CLANG_WARN_NON_LITERAL_NULL_CONVERSION = YES;
				CLANG_WARN_OBJC_IMPLICIT_RETAIN_SELF = YES;
				CLANG_WARN_OBJC_LITERAL_CONVERSION = YES;
				CLANG_WARN_OBJC_ROOT_CLASS = YES_ERROR;
				CLANG_WARN_QUOTED_INCLUDE_IN_FRAMEWORK_HEADER = YES;
				CLANG_WARN_RANGE_LOOP_ANALYSIS = YES;
				CLANG_WARN_STRICT_PROTOTYPES = YES;
				CLANG_WARN_SUSPICIOUS_MOVE = YES;
				CLANG_WARN_UNGUARDED_AVAILABILITY = YES_AGGRESSIVE;
				CLANG_WARN_UNREACHABLE_CODE = YES;
				CLANG_WARN__DUPLICATE_METHOD_MATCH = YES;
				COPY_PHASE_STRIP = NO;
				CURRENT_PROJECT_VERSION = 1;
				DEAD_CODE_STRIPPING = YES;
				DEBUG_INFORMATION_FORMAT = dwarf;
				ENABLE_MODULE_VERIFIER = YES;
				ENABLE_STRICT_OBJC_MSGSEND = YES;
				ENABLE_TESTABILITY = YES;
				ENABLE_USER_SCRIPT_SANDBOXING = YES;
				GCC_C_LANGUAGE_STANDARD = gnu17;
				GCC_DYNAMIC_NO_PIC = NO;
				GCC_ENABLE_CPP_EXCEPTIONS = NO;
				GCC_ENABLE_CPP_RTTI = NO;
				GCC_NO_COMMON_BLOCKS = YES;
				GCC_OPTIMIZATION_LEVEL = 0;
				GCC_PREPROCESSOR_DEFINITIONS = (
					"DEBUG=1",
					"$(inherited)",
				);
				GCC_WARN_64_TO_32_BIT_CONVERSION = YES;
				GCC_WARN_ABOUT_RETURN_TYPE = YES_ERROR;
				GCC_WARN_UNDECLARED_SELECTOR = YES;
				GCC_WARN_UNINITIALIZED_AUTOS = YES_AGGRESSIVE;
				GCC_WARN_UNUSED_FUNCTION = YES;
				GCC_WARN_UNUSED_VARIABLE = YES;
				INFOPLIST_KEY_NSHumanReadableCopyright = "© 2024-Present Datadog, Inc.";
				IPHONEOS_DEPLOYMENT_TARGET = 12.0;
				MACOSX_DEPLOYMENT_TARGET = 10.13;
				MARKETING_VERSION = "2.0.0-beta.1";
				MODULE_VERIFIER_SUPPORTED_LANGUAGES = "objective-c objective-c++";
				MODULE_VERIFIER_SUPPORTED_LANGUAGE_STANDARDS = "gnu17 gnu++20";
				MTL_ENABLE_DEBUG_INFO = INCLUDE_SOURCE;
				MTL_FAST_MATH = YES;
				ONLY_ACTIVE_ARCH = YES;
				SWIFT_ACTIVE_COMPILATION_CONDITIONS = DEBUG;
				SWIFT_OPTIMIZATION_LEVEL = "-Onone";
				SWIFT_VERSION = 6.0;
				TVOS_DEPLOYMENT_TARGET = 12.0;
				VERSIONING_SYSTEM = "apple-generic";
				VERSION_INFO_PREFIX = "";
			};
			name = Debug;
		};
		A712C1862CEFA06D00B4282F /* Release */ = {
			isa = XCBuildConfiguration;
			buildSettings = {
				ALWAYS_SEARCH_USER_PATHS = NO;
				CLANG_ANALYZER_NONNULL = YES;
				CLANG_ANALYZER_NUMBER_OBJECT_CONVERSION = YES_AGGRESSIVE;
				CLANG_CXX_LANGUAGE_STANDARD = "gnu++20";
				CLANG_ENABLE_MODULES = YES;
				CLANG_ENABLE_OBJC_ARC = YES;
				CLANG_ENABLE_OBJC_WEAK = YES;
				CLANG_WARN_BLOCK_CAPTURE_AUTORELEASING = YES;
				CLANG_WARN_BOOL_CONVERSION = YES;
				CLANG_WARN_COMMA = YES;
				CLANG_WARN_CONSTANT_CONVERSION = YES;
				CLANG_WARN_DEPRECATED_OBJC_IMPLEMENTATIONS = YES;
				CLANG_WARN_DIRECT_OBJC_ISA_USAGE = YES_ERROR;
				CLANG_WARN_DOCUMENTATION_COMMENTS = YES;
				CLANG_WARN_EMPTY_BODY = YES;
				CLANG_WARN_ENUM_CONVERSION = YES;
				CLANG_WARN_INFINITE_RECURSION = YES;
				CLANG_WARN_INT_CONVERSION = YES;
				CLANG_WARN_NON_LITERAL_NULL_CONVERSION = YES;
				CLANG_WARN_OBJC_IMPLICIT_RETAIN_SELF = YES;
				CLANG_WARN_OBJC_LITERAL_CONVERSION = YES;
				CLANG_WARN_OBJC_ROOT_CLASS = YES_ERROR;
				CLANG_WARN_QUOTED_INCLUDE_IN_FRAMEWORK_HEADER = YES;
				CLANG_WARN_RANGE_LOOP_ANALYSIS = YES;
				CLANG_WARN_STRICT_PROTOTYPES = YES;
				CLANG_WARN_SUSPICIOUS_MOVE = YES;
				CLANG_WARN_UNGUARDED_AVAILABILITY = YES_AGGRESSIVE;
				CLANG_WARN_UNREACHABLE_CODE = YES;
				CLANG_WARN__DUPLICATE_METHOD_MATCH = YES;
				COPY_PHASE_STRIP = NO;
				CURRENT_PROJECT_VERSION = 1;
				DEAD_CODE_STRIPPING = YES;
				DEBUG_INFORMATION_FORMAT = "dwarf-with-dsym";
				ENABLE_MODULE_VERIFIER = YES;
				ENABLE_NS_ASSERTIONS = NO;
				ENABLE_STRICT_OBJC_MSGSEND = YES;
				ENABLE_USER_SCRIPT_SANDBOXING = YES;
				GCC_C_LANGUAGE_STANDARD = gnu17;
				GCC_ENABLE_CPP_EXCEPTIONS = NO;
				GCC_ENABLE_CPP_RTTI = NO;
				GCC_NO_COMMON_BLOCKS = YES;
				GCC_WARN_64_TO_32_BIT_CONVERSION = YES;
				GCC_WARN_ABOUT_RETURN_TYPE = YES_ERROR;
				GCC_WARN_UNDECLARED_SELECTOR = YES;
				GCC_WARN_UNINITIALIZED_AUTOS = YES_AGGRESSIVE;
				GCC_WARN_UNUSED_FUNCTION = YES;
				GCC_WARN_UNUSED_VARIABLE = YES;
				INFOPLIST_KEY_NSHumanReadableCopyright = "© 2024-Present Datadog, Inc.";
				IPHONEOS_DEPLOYMENT_TARGET = 12.0;
				MACOSX_DEPLOYMENT_TARGET = 10.13;
				MARKETING_VERSION = "2.0.0-beta.1";
				MODULE_VERIFIER_SUPPORTED_LANGUAGES = "objective-c objective-c++";
				MODULE_VERIFIER_SUPPORTED_LANGUAGE_STANDARDS = "gnu17 gnu++20";
				MTL_ENABLE_DEBUG_INFO = NO;
				MTL_FAST_MATH = YES;
				SWIFT_COMPILATION_MODE = wholemodule;
				SWIFT_OPTIMIZATION_LEVEL = "-O";
				SWIFT_VERSION = 6.0;
				TVOS_DEPLOYMENT_TARGET = 12.0;
				VERSIONING_SYSTEM = "apple-generic";
				VERSION_INFO_PREFIX = "";
			};
			name = Release;
		};
		A712C1882CEFA06D00B4282F /* Debug */ = {
			isa = XCBuildConfiguration;
			buildSettings = {
				BUILD_LIBRARY_FOR_DISTRIBUTION = YES;
				CODE_SIGN_STYLE = Manual;
				CURRENT_PROJECT_VERSION = 1;
				DEAD_CODE_STRIPPING = YES;
				DEVELOPMENT_TEAM = "";
				DYLIB_COMPATIBILITY_VERSION = 1;
				DYLIB_CURRENT_VERSION = 1;
				DYLIB_INSTALL_NAME_BASE = "@rpath";
				GENERATE_INFOPLIST_FILE = YES;
				INSTALL_PATH = "$(LOCAL_LIBRARY_DIR)/Frameworks";
				LD_RUNPATH_SEARCH_PATHS = (
					"@executable_path/Frameworks",
					"@loader_path/Frameworks",
				);
				"LD_RUNPATH_SEARCH_PATHS[sdk=macosx*]" = (
					"@executable_path/../Frameworks",
					"@loader_path/Frameworks",
				);
				MACH_O_TYPE = staticlib;
				PRODUCT_BUNDLE_IDENTIFIER = com.datadoghq.CodeCoverage;
				PRODUCT_NAME = "$(TARGET_NAME:c99extidentifier)";
				PROVISIONING_PROFILE_SPECIFIER = "";
				SDKROOT = auto;
				SUPPORTED_PLATFORMS = "appletvos appletvsimulator iphoneos iphonesimulator macosx";
				SUPPORTS_MACCATALYST = YES;
				SUPPORTS_MAC_DESIGNED_FOR_IPHONE_IPAD = YES;
				SWIFT_EMIT_LOC_STRINGS = YES;
				SWIFT_OPTIMIZATION_LEVEL = "-Onone";
				TARGETED_DEVICE_FAMILY = "1,2,3";
			};
			name = Debug;
		};
		A712C1892CEFA06D00B4282F /* Release */ = {
			isa = XCBuildConfiguration;
			buildSettings = {
				BUILD_LIBRARY_FOR_DISTRIBUTION = YES;
				CODE_SIGN_STYLE = Manual;
				CURRENT_PROJECT_VERSION = 1;
				DEAD_CODE_STRIPPING = YES;
				DEVELOPMENT_TEAM = "";
				DYLIB_COMPATIBILITY_VERSION = 1;
				DYLIB_CURRENT_VERSION = 1;
				DYLIB_INSTALL_NAME_BASE = "@rpath";
				GENERATE_INFOPLIST_FILE = YES;
				INSTALL_PATH = "$(LOCAL_LIBRARY_DIR)/Frameworks";
				LD_RUNPATH_SEARCH_PATHS = (
					"@executable_path/Frameworks",
					"@loader_path/Frameworks",
				);
				"LD_RUNPATH_SEARCH_PATHS[sdk=macosx*]" = (
					"@executable_path/../Frameworks",
					"@loader_path/Frameworks",
				);
				MACH_O_TYPE = staticlib;
				PRODUCT_BUNDLE_IDENTIFIER = com.datadoghq.CodeCoverage;
				PRODUCT_NAME = "$(TARGET_NAME:c99extidentifier)";
				PROVISIONING_PROFILE_SPECIFIER = "";
				SDKROOT = auto;
				SUPPORTED_PLATFORMS = "appletvos appletvsimulator iphoneos iphonesimulator macosx";
				SUPPORTS_MACCATALYST = YES;
				SUPPORTS_MAC_DESIGNED_FOR_IPHONE_IPAD = YES;
				SWIFT_EMIT_LOC_STRINGS = YES;
				TARGETED_DEVICE_FAMILY = "1,2,3";
			};
			name = Release;
		};
		A712C18B2CEFA06D00B4282F /* Debug */ = {
			isa = XCBuildConfiguration;
			buildSettings = {
				"CODE_SIGN_IDENTITY[sdk=macosx*]" = "-";
				CODE_SIGN_STYLE = Manual;
				CURRENT_PROJECT_VERSION = 1;
				DEAD_CODE_STRIPPING = YES;
				DEVELOPMENT_TEAM = "";
				GENERATE_INFOPLIST_FILE = YES;
				PRODUCT_BUNDLE_IDENTIFIER = com.datadoghq.CodeCoverageTests;
				PRODUCT_NAME = "$(TARGET_NAME)";
				PROVISIONING_PROFILE_SPECIFIER = "";
				SDKROOT = auto;
				SUPPORTED_PLATFORMS = "appletvos appletvsimulator iphoneos iphonesimulator macosx";
				SUPPORTS_MACCATALYST = YES;
				SUPPORTS_MAC_DESIGNED_FOR_IPHONE_IPAD = YES;
				SWIFT_EMIT_LOC_STRINGS = NO;
				TARGETED_DEVICE_FAMILY = "1,2,3";
			};
			name = Debug;
		};
		A712C18C2CEFA06D00B4282F /* Release */ = {
			isa = XCBuildConfiguration;
			buildSettings = {
				"CODE_SIGN_IDENTITY[sdk=macosx*]" = "-";
				CODE_SIGN_STYLE = Manual;
				CURRENT_PROJECT_VERSION = 1;
				DEAD_CODE_STRIPPING = YES;
				DEVELOPMENT_TEAM = "";
				GENERATE_INFOPLIST_FILE = YES;
				PRODUCT_BUNDLE_IDENTIFIER = com.datadoghq.CodeCoverageTests;
				PRODUCT_NAME = "$(TARGET_NAME)";
				PROVISIONING_PROFILE_SPECIFIER = "";
				SDKROOT = auto;
				SUPPORTED_PLATFORMS = "appletvos appletvsimulator iphoneos iphonesimulator macosx";
				SUPPORTS_MACCATALYST = YES;
				SUPPORTS_MAC_DESIGNED_FOR_IPHONE_IPAD = YES;
				SWIFT_EMIT_LOC_STRINGS = NO;
				TARGETED_DEVICE_FAMILY = "1,2,3";
			};
			name = Release;
		};
		A712C1A22CEFA34100B4282F /* Debug */ = {
			isa = XCBuildConfiguration;
			buildSettings = {
				BUILD_LIBRARY_FOR_DISTRIBUTION = YES;
				CODE_SIGN_STYLE = Manual;
				DEAD_CODE_STRIPPING = YES;
				DEFINES_MODULE = YES;
				DEVELOPMENT_TEAM = "";
				DYLIB_COMPATIBILITY_VERSION = 1;
				DYLIB_CURRENT_VERSION = 1;
				DYLIB_INSTALL_NAME_BASE = "@rpath";
				GENERATE_INFOPLIST_FILE = YES;
				INSTALL_PATH = "$(LOCAL_LIBRARY_DIR)/Frameworks";
				LD_RUNPATH_SEARCH_PATHS = (
					"@executable_path/Frameworks",
					"@loader_path/Frameworks",
				);
				"LD_RUNPATH_SEARCH_PATHS[sdk=macosx*]" = (
					"@executable_path/../Frameworks",
					"@loader_path/Frameworks",
				);
				MACH_O_TYPE = staticlib;
				PRODUCT_BUNDLE_IDENTIFIER = com.datadoghq.CCoverageLLVM;
				PRODUCT_NAME = "$(TARGET_NAME:c99extidentifier)";
				PROVISIONING_PROFILE_SPECIFIER = "";
				SDKROOT = auto;
				SKIP_INSTALL = YES;
				SUPPORTED_PLATFORMS = "appletvos appletvsimulator iphoneos iphonesimulator macosx";
				SUPPORTS_MACCATALYST = YES;
				SUPPORTS_MAC_DESIGNED_FOR_IPHONE_IPAD = YES;
				SWIFT_EMIT_LOC_STRINGS = YES;
				TARGETED_DEVICE_FAMILY = "1,2,3";
			};
			name = Debug;
		};
		A712C1A32CEFA34100B4282F /* Release */ = {
			isa = XCBuildConfiguration;
			buildSettings = {
				BUILD_LIBRARY_FOR_DISTRIBUTION = YES;
				CODE_SIGN_STYLE = Manual;
				DEAD_CODE_STRIPPING = YES;
				DEFINES_MODULE = YES;
				DEVELOPMENT_TEAM = "";
				DYLIB_COMPATIBILITY_VERSION = 1;
				DYLIB_CURRENT_VERSION = 1;
				DYLIB_INSTALL_NAME_BASE = "@rpath";
				GENERATE_INFOPLIST_FILE = YES;
				INSTALL_PATH = "$(LOCAL_LIBRARY_DIR)/Frameworks";
				LD_RUNPATH_SEARCH_PATHS = (
					"@executable_path/Frameworks",
					"@loader_path/Frameworks",
				);
				"LD_RUNPATH_SEARCH_PATHS[sdk=macosx*]" = (
					"@executable_path/../Frameworks",
					"@loader_path/Frameworks",
				);
				MACH_O_TYPE = staticlib;
				PRODUCT_BUNDLE_IDENTIFIER = com.datadoghq.CCoverageLLVM;
				PRODUCT_NAME = "$(TARGET_NAME:c99extidentifier)";
				PROVISIONING_PROFILE_SPECIFIER = "";
				SDKROOT = auto;
				SKIP_INSTALL = YES;
				SUPPORTED_PLATFORMS = "appletvos appletvsimulator iphoneos iphonesimulator macosx";
				SUPPORTS_MACCATALYST = YES;
				SUPPORTS_MAC_DESIGNED_FOR_IPHONE_IPAD = YES;
				SWIFT_EMIT_LOC_STRINGS = YES;
				TARGETED_DEVICE_FAMILY = "1,2,3";
			};
			name = Release;
		};
		A712C1E52CF0A37C00B4282F /* Debug */ = {
			isa = XCBuildConfiguration;
			buildSettings = {
				BUILD_LIBRARY_FOR_DISTRIBUTION = YES;
				CODE_SIGN_STYLE = Manual;
				DEAD_CODE_STRIPPING = YES;
				DEVELOPMENT_TEAM = "";
				DYLIB_INSTALL_NAME_BASE = "@rpath";
				GENERATE_INFOPLIST_FILE = YES;
				INSTALL_PATH = "$(LOCAL_LIBRARY_DIR)/Frameworks";
				LD_RUNPATH_SEARCH_PATHS = (
					"@executable_path/Frameworks",
					"@loader_path/Frameworks",
				);
				"LD_RUNPATH_SEARCH_PATHS[sdk=macosx*]" = (
					"@executable_path/../Frameworks",
					"@loader_path/Frameworks",
				);
				MACH_O_TYPE = mh_dylib;
				PRODUCT_BUNDLE_IDENTIFIER = com.datadoghq.CCoverageLLVM17;
				PRODUCT_NAME = "$(TARGET_NAME:c99extidentifier)";
				PROVISIONING_PROFILE_SPECIFIER = "";
				SDKROOT = auto;
				SKIP_INSTALL = YES;
				SUPPORTED_PLATFORMS = "appletvos appletvsimulator iphoneos iphonesimulator macosx";
				SUPPORTS_MACCATALYST = YES;
				SUPPORTS_MAC_DESIGNED_FOR_IPHONE_IPAD = YES;
				SWIFT_EMIT_LOC_STRINGS = YES;
				TARGETED_DEVICE_FAMILY = "1,2,3";
				WRAPPER_EXTENSION = plugin;
			};
			name = Debug;
		};
		A712C1E62CF0A37C00B4282F /* Release */ = {
			isa = XCBuildConfiguration;
			buildSettings = {
				BUILD_LIBRARY_FOR_DISTRIBUTION = YES;
				CODE_SIGN_STYLE = Manual;
				DEAD_CODE_STRIPPING = YES;
				DEVELOPMENT_TEAM = "";
				DYLIB_INSTALL_NAME_BASE = "@rpath";
				GENERATE_INFOPLIST_FILE = YES;
				INSTALL_PATH = "$(LOCAL_LIBRARY_DIR)/Frameworks";
				LD_RUNPATH_SEARCH_PATHS = (
					"@executable_path/Frameworks",
					"@loader_path/Frameworks",
				);
				"LD_RUNPATH_SEARCH_PATHS[sdk=macosx*]" = (
					"@executable_path/../Frameworks",
					"@loader_path/Frameworks",
				);
				MACH_O_TYPE = mh_dylib;
				PRODUCT_BUNDLE_IDENTIFIER = com.datadoghq.CCoverageLLVM17;
				PRODUCT_NAME = "$(TARGET_NAME:c99extidentifier)";
				PROVISIONING_PROFILE_SPECIFIER = "";
				SDKROOT = auto;
				SKIP_INSTALL = YES;
				SUPPORTED_PLATFORMS = "appletvos appletvsimulator iphoneos iphonesimulator macosx";
				SUPPORTS_MACCATALYST = YES;
				SUPPORTS_MAC_DESIGNED_FOR_IPHONE_IPAD = YES;
				SWIFT_EMIT_LOC_STRINGS = YES;
				TARGETED_DEVICE_FAMILY = "1,2,3";
				WRAPPER_EXTENSION = plugin;
			};
			name = Release;
		};
		A7BA27722E8AC43400EFD54E /* Debug */ = {
			isa = XCBuildConfiguration;
			buildSettings = {
				ALLOW_TARGET_PLATFORM_SPECIALIZATION = YES;
				ASSETCATALOG_COMPILER_GENERATE_SWIFT_ASSET_SYMBOL_EXTENSIONS = YES;
				BUILD_LIBRARY_FOR_DISTRIBUTION = YES;
				CODE_SIGN_STYLE = Automatic;
				DEFINES_MODULE = YES;
				DYLIB_COMPATIBILITY_VERSION = 1;
				DYLIB_CURRENT_VERSION = 1;
				DYLIB_INSTALL_NAME_BASE = "@rpath";
				GENERATE_INFOPLIST_FILE = YES;
				INSTALL_PATH = "$(LOCAL_LIBRARY_DIR)/Frameworks";
				LD_RUNPATH_SEARCH_PATHS = (
					"@executable_path/Frameworks",
					"@loader_path/Frameworks",
				);
				"LD_RUNPATH_SEARCH_PATHS[sdk=macosx*]" = (
					"@executable_path/../Frameworks",
					"@loader_path/Frameworks",
				);
				LOCALIZATION_PREFERS_STRING_CATALOGS = YES;
				MACH_O_TYPE = staticlib;
				PRODUCT_BUNDLE_IDENTIFIER = com.datadoghq.CCodeCoverage;
				PRODUCT_NAME = "$(TARGET_NAME:c99extidentifier)";
				SDKROOT = auto;
				SKIP_INSTALL = YES;
				STRING_CATALOG_GENERATE_SYMBOLS = YES;
				SUPPORTED_PLATFORMS = "appletvos appletvsimulator iphoneos iphonesimulator macosx";
				SUPPORTS_MACCATALYST = YES;
				SUPPORTS_MAC_DESIGNED_FOR_IPHONE_IPAD = YES;
				SUPPORTS_XR_DESIGNED_FOR_IPHONE_IPAD = NO;
				SWIFT_APPROACHABLE_CONCURRENCY = YES;
				SWIFT_EMIT_LOC_STRINGS = YES;
				SWIFT_INSTALL_MODULE = YES;
				SWIFT_INSTALL_OBJC_HEADER = NO;
				SWIFT_UPCOMING_FEATURE_MEMBER_IMPORT_VISIBILITY = YES;
				TARGETED_DEVICE_FAMILY = "1,2,3";
			};
			name = Debug;
		};
		A7BA27732E8AC43400EFD54E /* Release */ = {
			isa = XCBuildConfiguration;
			buildSettings = {
				ALLOW_TARGET_PLATFORM_SPECIALIZATION = YES;
				ASSETCATALOG_COMPILER_GENERATE_SWIFT_ASSET_SYMBOL_EXTENSIONS = YES;
				BUILD_LIBRARY_FOR_DISTRIBUTION = YES;
				CODE_SIGN_STYLE = Automatic;
				DEFINES_MODULE = YES;
				DYLIB_COMPATIBILITY_VERSION = 1;
				DYLIB_CURRENT_VERSION = 1;
				DYLIB_INSTALL_NAME_BASE = "@rpath";
				GENERATE_INFOPLIST_FILE = YES;
				INSTALL_PATH = "$(LOCAL_LIBRARY_DIR)/Frameworks";
				LD_RUNPATH_SEARCH_PATHS = (
					"@executable_path/Frameworks",
					"@loader_path/Frameworks",
				);
				"LD_RUNPATH_SEARCH_PATHS[sdk=macosx*]" = (
					"@executable_path/../Frameworks",
					"@loader_path/Frameworks",
				);
				LOCALIZATION_PREFERS_STRING_CATALOGS = YES;
				MACH_O_TYPE = staticlib;
				PRODUCT_BUNDLE_IDENTIFIER = com.datadoghq.CCodeCoverage;
				PRODUCT_NAME = "$(TARGET_NAME:c99extidentifier)";
				SDKROOT = auto;
				SKIP_INSTALL = YES;
				STRING_CATALOG_GENERATE_SYMBOLS = YES;
				SUPPORTED_PLATFORMS = "appletvos appletvsimulator iphoneos iphonesimulator macosx";
				SUPPORTS_MACCATALYST = YES;
				SUPPORTS_MAC_DESIGNED_FOR_IPHONE_IPAD = YES;
				SUPPORTS_XR_DESIGNED_FOR_IPHONE_IPAD = NO;
				SWIFT_APPROACHABLE_CONCURRENCY = YES;
				SWIFT_EMIT_LOC_STRINGS = YES;
				SWIFT_INSTALL_MODULE = YES;
				SWIFT_INSTALL_OBJC_HEADER = NO;
				SWIFT_UPCOMING_FEATURE_MEMBER_IMPORT_VISIBILITY = YES;
				TARGETED_DEVICE_FAMILY = "1,2,3";
			};
			name = Release;
		};
		A7BF342F2E8AD9750031B07D /* Debug */ = {
			isa = XCBuildConfiguration;
			buildSettings = {
				ALLOW_TARGET_PLATFORM_SPECIALIZATION = YES;
				ASSETCATALOG_COMPILER_GENERATE_SWIFT_ASSET_SYMBOL_EXTENSIONS = YES;
				BUILD_LIBRARY_FOR_DISTRIBUTION = YES;
				CODE_SIGN_STYLE = Automatic;
				DYLIB_COMPATIBILITY_VERSION = 1;
				DYLIB_CURRENT_VERSION = 1;
				DYLIB_INSTALL_NAME_BASE = "@rpath";
				GENERATE_INFOPLIST_FILE = YES;
				INFOPLIST_KEY_NSHumanReadableCopyright = "";
				INSTALL_PATH = "$(LOCAL_LIBRARY_DIR)/Frameworks";
				LD_RUNPATH_SEARCH_PATHS = (
					"@executable_path/Frameworks",
					"@loader_path/Frameworks",
				);
				"LD_RUNPATH_SEARCH_PATHS[sdk=macosx*]" = (
					"@executable_path/../Frameworks",
					"@loader_path/Frameworks",
				);
				LOCALIZATION_PREFERS_STRING_CATALOGS = YES;
				MACH_O_TYPE = staticlib;
				PRODUCT_BUNDLE_IDENTIFIER = com.datadoghq.CodeCoverageCollector;
				PRODUCT_NAME = "$(TARGET_NAME:c99extidentifier)";
				SDKROOT = auto;
				SKIP_INSTALL = YES;
				SUPPORTED_PLATFORMS = "appletvos appletvsimulator iphoneos iphonesimulator macosx";
				SUPPORTS_MACCATALYST = YES;
				SUPPORTS_MAC_DESIGNED_FOR_IPHONE_IPAD = YES;
				SWIFT_EMIT_LOC_STRINGS = YES;
				SWIFT_INSTALL_OBJC_HEADER = NO;
				TARGETED_DEVICE_FAMILY = "1,2,3";
			};
			name = Debug;
		};
		A7BF34302E8AD9750031B07D /* Release */ = {
			isa = XCBuildConfiguration;
			buildSettings = {
				ALLOW_TARGET_PLATFORM_SPECIALIZATION = YES;
				ASSETCATALOG_COMPILER_GENERATE_SWIFT_ASSET_SYMBOL_EXTENSIONS = YES;
				BUILD_LIBRARY_FOR_DISTRIBUTION = YES;
				CODE_SIGN_STYLE = Automatic;
				DYLIB_COMPATIBILITY_VERSION = 1;
				DYLIB_CURRENT_VERSION = 1;
				DYLIB_INSTALL_NAME_BASE = "@rpath";
				GENERATE_INFOPLIST_FILE = YES;
				INFOPLIST_KEY_NSHumanReadableCopyright = "";
				INSTALL_PATH = "$(LOCAL_LIBRARY_DIR)/Frameworks";
				LD_RUNPATH_SEARCH_PATHS = (
					"@executable_path/Frameworks",
					"@loader_path/Frameworks",
				);
				"LD_RUNPATH_SEARCH_PATHS[sdk=macosx*]" = (
					"@executable_path/../Frameworks",
					"@loader_path/Frameworks",
				);
				LOCALIZATION_PREFERS_STRING_CATALOGS = YES;
				MACH_O_TYPE = staticlib;
				PRODUCT_BUNDLE_IDENTIFIER = com.datadoghq.CodeCoverageCollector;
				PRODUCT_NAME = "$(TARGET_NAME:c99extidentifier)";
				SDKROOT = auto;
				SKIP_INSTALL = YES;
				SUPPORTED_PLATFORMS = "appletvos appletvsimulator iphoneos iphonesimulator macosx";
				SUPPORTS_MACCATALYST = YES;
				SUPPORTS_MAC_DESIGNED_FOR_IPHONE_IPAD = YES;
				SWIFT_EMIT_LOC_STRINGS = YES;
				SWIFT_INSTALL_OBJC_HEADER = NO;
				TARGETED_DEVICE_FAMILY = "1,2,3";
			};
			name = Release;
		};
		A7BF34582E8AE87E0031B07D /* Debug */ = {
			isa = XCBuildConfiguration;
			buildSettings = {
				ALLOW_TARGET_PLATFORM_SPECIALIZATION = YES;
				ASSETCATALOG_COMPILER_GENERATE_SWIFT_ASSET_SYMBOL_EXTENSIONS = YES;
				BUILD_LIBRARY_FOR_DISTRIBUTION = YES;
				CODE_SIGN_STYLE = Automatic;
				DYLIB_COMPATIBILITY_VERSION = 1;
				DYLIB_CURRENT_VERSION = 1;
				DYLIB_INSTALL_NAME_BASE = "@rpath";
				GENERATE_INFOPLIST_FILE = YES;
				INSTALL_PATH = "$(LOCAL_LIBRARY_DIR)/Frameworks";
				LD_RUNPATH_SEARCH_PATHS = (
					"@executable_path/Frameworks",
					"@loader_path/Frameworks",
				);
				"LD_RUNPATH_SEARCH_PATHS[sdk=macosx*]" = (
					"@executable_path/../Frameworks",
					"@loader_path/Frameworks",
				);
				LOCALIZATION_PREFERS_STRING_CATALOGS = YES;
				PRODUCT_BUNDLE_IDENTIFIER = com.datadoghq.CodeCoverageProcessor;
				PRODUCT_NAME = "$(TARGET_NAME:c99extidentifier)";
				SDKROOT = auto;
				SKIP_INSTALL = YES;
				SUPPORTED_PLATFORMS = "appletvos appletvsimulator iphoneos iphonesimulator macosx";
				SUPPORTS_MACCATALYST = YES;
				SUPPORTS_MAC_DESIGNED_FOR_IPHONE_IPAD = YES;
				SWIFT_ACTIVE_COMPILATION_CONDITIONS = "DEBUG $(inherited)";
				SWIFT_EMIT_LOC_STRINGS = YES;
				SWIFT_INSTALL_OBJC_HEADER = NO;
				TARGETED_DEVICE_FAMILY = "1,2,3";
			};
			name = Debug;
		};
		A7BF34592E8AE87E0031B07D /* Release */ = {
			isa = XCBuildConfiguration;
			buildSettings = {
				ALLOW_TARGET_PLATFORM_SPECIALIZATION = YES;
				ASSETCATALOG_COMPILER_GENERATE_SWIFT_ASSET_SYMBOL_EXTENSIONS = YES;
				BUILD_LIBRARY_FOR_DISTRIBUTION = YES;
				CODE_SIGN_STYLE = Automatic;
				DYLIB_COMPATIBILITY_VERSION = 1;
				DYLIB_CURRENT_VERSION = 1;
				DYLIB_INSTALL_NAME_BASE = "@rpath";
				GENERATE_INFOPLIST_FILE = YES;
				INSTALL_PATH = "$(LOCAL_LIBRARY_DIR)/Frameworks";
				LD_RUNPATH_SEARCH_PATHS = (
					"@executable_path/Frameworks",
					"@loader_path/Frameworks",
				);
				"LD_RUNPATH_SEARCH_PATHS[sdk=macosx*]" = (
					"@executable_path/../Frameworks",
					"@loader_path/Frameworks",
				);
				LOCALIZATION_PREFERS_STRING_CATALOGS = YES;
				PRODUCT_BUNDLE_IDENTIFIER = com.datadoghq.CodeCoverageProcessor;
				PRODUCT_NAME = "$(TARGET_NAME:c99extidentifier)";
				SDKROOT = auto;
				SKIP_INSTALL = YES;
				SUPPORTED_PLATFORMS = "appletvos appletvsimulator iphoneos iphonesimulator macosx";
				SUPPORTS_MACCATALYST = YES;
				SUPPORTS_MAC_DESIGNED_FOR_IPHONE_IPAD = YES;
				SWIFT_EMIT_LOC_STRINGS = YES;
				SWIFT_INSTALL_OBJC_HEADER = NO;
				TARGETED_DEVICE_FAMILY = "1,2,3";
			};
			name = Release;
		};
		A7BF92E12E1D6DE60056D970 /* Debug */ = {
			isa = XCBuildConfiguration;
			buildSettings = {
				BUILD_LIBRARY_FOR_DISTRIBUTION = YES;
				CODE_SIGN_STYLE = Manual;
				DEAD_CODE_STRIPPING = YES;
				DEVELOPMENT_TEAM = "";
				DYLIB_INSTALL_NAME_BASE = "@rpath";
				GENERATE_INFOPLIST_FILE = YES;
				INSTALL_PATH = "$(LOCAL_LIBRARY_DIR)/Frameworks";
				LD_RUNPATH_SEARCH_PATHS = (
					"@executable_path/Frameworks",
					"@loader_path/Frameworks",
				);
				"LD_RUNPATH_SEARCH_PATHS[sdk=macosx*]" = (
					"@executable_path/../Frameworks",
					"@loader_path/Frameworks",
				);
				MACH_O_TYPE = mh_dylib;
				PRODUCT_BUNDLE_IDENTIFIER = com.datadoghq.CCoverageLLVM17;
				PRODUCT_NAME = "$(TARGET_NAME)";
				PROVISIONING_PROFILE_SPECIFIER = "";
				SDKROOT = auto;
				SKIP_INSTALL = YES;
				SUPPORTED_PLATFORMS = "appletvos appletvsimulator iphoneos iphonesimulator macosx";
				SUPPORTS_MACCATALYST = YES;
				SUPPORTS_MAC_DESIGNED_FOR_IPHONE_IPAD = YES;
				SWIFT_EMIT_LOC_STRINGS = YES;
				TARGETED_DEVICE_FAMILY = "1,2,3";
				WRAPPER_EXTENSION = plugin;
			};
			name = Debug;
		};
		A7BF92E22E1D6DE60056D970 /* Release */ = {
			isa = XCBuildConfiguration;
			buildSettings = {
				BUILD_LIBRARY_FOR_DISTRIBUTION = YES;
				CODE_SIGN_STYLE = Manual;
				DEAD_CODE_STRIPPING = YES;
				DEVELOPMENT_TEAM = "";
				DYLIB_INSTALL_NAME_BASE = "@rpath";
				GENERATE_INFOPLIST_FILE = YES;
				INSTALL_PATH = "$(LOCAL_LIBRARY_DIR)/Frameworks";
				LD_RUNPATH_SEARCH_PATHS = (
					"@executable_path/Frameworks",
					"@loader_path/Frameworks",
				);
				"LD_RUNPATH_SEARCH_PATHS[sdk=macosx*]" = (
					"@executable_path/../Frameworks",
					"@loader_path/Frameworks",
				);
				MACH_O_TYPE = mh_dylib;
				PRODUCT_BUNDLE_IDENTIFIER = com.datadoghq.CCoverageLLVM17;
				PRODUCT_NAME = "$(TARGET_NAME)";
				PROVISIONING_PROFILE_SPECIFIER = "";
				SDKROOT = auto;
				SKIP_INSTALL = YES;
				SUPPORTED_PLATFORMS = "appletvos appletvsimulator iphoneos iphonesimulator macosx";
				SUPPORTS_MACCATALYST = YES;
				SUPPORTS_MAC_DESIGNED_FOR_IPHONE_IPAD = YES;
				SWIFT_EMIT_LOC_STRINGS = YES;
				TARGETED_DEVICE_FAMILY = "1,2,3";
				WRAPPER_EXTENSION = plugin;
			};
			name = Release;
		};
/* End XCBuildConfiguration section */

/* Begin XCConfigurationList section */
		A712C16F2CEFA06C00B4282F /* Build configuration list for PBXProject "CodeCoverage" */ = {
			isa = XCConfigurationList;
			buildConfigurations = (
				A712C1852CEFA06D00B4282F /* Debug */,
				A712C1862CEFA06D00B4282F /* Release */,
			);
			defaultConfigurationIsVisible = 0;
			defaultConfigurationName = Release;
		};
		A712C1872CEFA06D00B4282F /* Build configuration list for PBXNativeTarget "CodeCoverage" */ = {
			isa = XCConfigurationList;
			buildConfigurations = (
				A712C1882CEFA06D00B4282F /* Debug */,
				A712C1892CEFA06D00B4282F /* Release */,
			);
			defaultConfigurationIsVisible = 0;
			defaultConfigurationName = Release;
		};
		A712C18A2CEFA06D00B4282F /* Build configuration list for PBXNativeTarget "CodeCoverageTests" */ = {
			isa = XCConfigurationList;
			buildConfigurations = (
				A712C18B2CEFA06D00B4282F /* Debug */,
				A712C18C2CEFA06D00B4282F /* Release */,
			);
			defaultConfigurationIsVisible = 0;
			defaultConfigurationName = Release;
		};
		A712C1A12CEFA34100B4282F /* Build configuration list for PBXNativeTarget "CCodeCoverageParser" */ = {
			isa = XCConfigurationList;
			buildConfigurations = (
				A712C1A22CEFA34100B4282F /* Debug */,
				A712C1A32CEFA34100B4282F /* Release */,
			);
			defaultConfigurationIsVisible = 0;
			defaultConfigurationName = Release;
		};
		A712C1E42CF0A37C00B4282F /* Build configuration list for PBXNativeTarget "CCodeCoverageParserLLVM17" */ = {
			isa = XCConfigurationList;
			buildConfigurations = (
				A712C1E52CF0A37C00B4282F /* Debug */,
				A712C1E62CF0A37C00B4282F /* Release */,
			);
			defaultConfigurationIsVisible = 0;
			defaultConfigurationName = Release;
		};
		A7BA27742E8AC43400EFD54E /* Build configuration list for PBXNativeTarget "CCodeCoverageCollector" */ = {
			isa = XCConfigurationList;
			buildConfigurations = (
				A7BA27722E8AC43400EFD54E /* Debug */,
				A7BA27732E8AC43400EFD54E /* Release */,
			);
			defaultConfigurationIsVisible = 0;
			defaultConfigurationName = Release;
		};
		A7BF342E2E8AD9750031B07D /* Build configuration list for PBXNativeTarget "CodeCoverageCollector" */ = {
			isa = XCConfigurationList;
			buildConfigurations = (
				A7BF342F2E8AD9750031B07D /* Debug */,
				A7BF34302E8AD9750031B07D /* Release */,
			);
			defaultConfigurationIsVisible = 0;
			defaultConfigurationName = Release;
		};
		A7BF34572E8AE87E0031B07D /* Build configuration list for PBXNativeTarget "CodeCoverageParser" */ = {
			isa = XCConfigurationList;
			buildConfigurations = (
				A7BF34582E8AE87E0031B07D /* Debug */,
				A7BF34592E8AE87E0031B07D /* Release */,
			);
			defaultConfigurationIsVisible = 0;
			defaultConfigurationName = Release;
		};
		A7BF92E02E1D6DE60056D970 /* Build configuration list for PBXNativeTarget "CCodeCoverageParserLLVM19" */ = {
			isa = XCConfigurationList;
			buildConfigurations = (
				A7BF92E12E1D6DE60056D970 /* Debug */,
				A7BF92E22E1D6DE60056D970 /* Release */,
			);
			defaultConfigurationIsVisible = 0;
			defaultConfigurationName = Release;
		};
/* End XCConfigurationList section */
	};
	rootObject = A712C16C2CEFA06C00B4282F /* Project object */;
}
